
Microsoft Visual Studio Solution File, Format Version 12.00
# Visual Studio Version 17
VisualStudioVersion = 17.0.31903.59
MinimumVisualStudioVersion = 10.0.40219.1
Project("{9A19103F-16F7-4668-BE54-9A1E7A4F7556}") = "paymentGateway", "paymentGateway\paymentGateway.csproj", "{8F4A8A49-68ED-4578-B08F-C91C8C2D89BC}"
EndProject
Global
	GlobalSection(SolutionConfigurationPlatforms) = preSolution
		Debug|Any CPU = Debug|Any CPU
		Release|Any CPU = Release|Any CPU
	EndGlobalSection
	GlobalSection(ProjectConfigurationPlatforms) = postSolution
		{8F4A8A49-68ED-4578-B08F-C91C8C2D89BC}.Debug|Any CPU.ActiveCfg = Debug|Any CPU
		{8F4A8A49-68ED-4578-B08F-C91C8C2D89BC}.Debug|Any CPU.Build.0 = Debug|Any CPU
		{8F4A8A49-68ED-4578-B08F-C91C8C2D89BC}.Release|Any CPU.ActiveCfg = Release|Any CPU
		{8F4A8A49-68ED-4578-B08F-C91C8C2D89BC}.Release|Any CPU.Build.0 = Release|Any CPU
	EndGlobalSection
	GlobalSection(SolutionProperties) = preSolution
		HideSolutionNode = FALSE
	EndGlobalSection
	GlobalSection(ExtensibilityGlobals) = postSolution
		SolutionGuid = {F22E5B58-1603-4CED-B3FB-0352AB989EFA}
	EndGlobalSection
EndGlobal
